
Microsoft Visual Studio Solution File, Format Version 12.00
# Visual Studio Version 16
VisualStudioVersion = 16.0.29613.14
MinimumVisualStudioVersion = 10.0.40219.1
Project("{FAE04EC0-301F-11D3-BF4B-00C04F79EFBC}") = "Cap04Ex03", "Cap04Ex03\Cap04Ex03.csproj", "{00672BAD-1348-4088-BA44-37F541EBC6F9}"
EndProject
Global
	GlobalSection(SolutionConfigurationPlatforms) = preSolution
		Debug|Any CPU = Debug|Any CPU
		Release|Any CPU = Release|Any CPU
	EndGlobalSection
	GlobalSection(ProjectConfigurationPlatforms) = postSolution
		{00672BAD-1348-4088-BA44-37F541EBC6F9}.Debug|Any CPU.ActiveCfg = Debug|Any CPU
		{00672BAD-1348-4088-BA44-37F541EBC6F9}.Debug|Any CPU.Build.0 = Debug|Any CPU
		{00672BAD-1348-4088-BA44-37F541EBC6F9}.Release|Any CPU.ActiveCfg = Release|Any CPU
		{00672BAD-1348-4088-BA44-37F541EBC6F9}.Release|Any CPU.Build.0 = Release|Any CPU
	EndGlobalSection
	GlobalSection(SolutionProperties) = preSolution
		HideSolutionNode = FALSE
	EndGlobalSection
	GlobalSection(ExtensibilityGlobals) = postSolution
		SolutionGuid = {CECDB440-CC21-4F37-A865-E35E1D808BE2}
	EndGlobalSection
EndGlobal
