
Microsoft Visual Studio Solution File, Format Version 12.00
# Visual Studio Version 16
VisualStudioVersion = 16.0.29613.14
MinimumVisualStudioVersion = 10.0.40219.1
Project("{FAE04EC0-301F-11D3-BF4B-00C04F79EFBC}") = "Cap4ex03", "Cap4ex03\Cap4ex03.csproj", "{989F0E3D-0FC9-4CEC-8AB9-E71CC71DBE21}"
EndProject
Global
	GlobalSection(SolutionConfigurationPlatforms) = preSolution
		Debug|Any CPU = Debug|Any CPU
		Release|Any CPU = Release|Any CPU
	EndGlobalSection
	GlobalSection(ProjectConfigurationPlatforms) = postSolution
		{989F0E3D-0FC9-4CEC-8AB9-E71CC71DBE21}.Debug|Any CPU.ActiveCfg = Debug|Any CPU
		{989F0E3D-0FC9-4CEC-8AB9-E71CC71DBE21}.Debug|Any CPU.Build.0 = Debug|Any CPU
		{989F0E3D-0FC9-4CEC-8AB9-E71CC71DBE21}.Release|Any CPU.ActiveCfg = Release|Any CPU
		{989F0E3D-0FC9-4CEC-8AB9-E71CC71DBE21}.Release|Any CPU.Build.0 = Release|Any CPU
	EndGlobalSection
	GlobalSection(SolutionProperties) = preSolution
		HideSolutionNode = FALSE
	EndGlobalSection
	GlobalSection(ExtensibilityGlobals) = postSolution
		SolutionGuid = {E0C572A0-DE02-4321-8660-6168E3313B1E}
	EndGlobalSection
EndGlobal
