
Microsoft Visual Studio Solution File, Format Version 12.00
# Visual Studio Version 16
VisualStudioVersion = 16.0.29613.14
MinimumVisualStudioVersion = 10.0.40219.1
Project("{FAE04EC0-301F-11D3-BF4B-00C04F79EFBC}") = "Cap4_ex06_a", "Cap4_ex06_a\Cap4_ex06_a.csproj", "{32AB0742-B782-41F2-8B4E-35A024451331}"
EndProject
Global
	GlobalSection(SolutionConfigurationPlatforms) = preSolution
		Debug|Any CPU = Debug|Any CPU
		Release|Any CPU = Release|Any CPU
	EndGlobalSection
	GlobalSection(ProjectConfigurationPlatforms) = postSolution
		{32AB0742-B782-41F2-8B4E-35A024451331}.Debug|Any CPU.ActiveCfg = Debug|Any CPU
		{32AB0742-B782-41F2-8B4E-35A024451331}.Debug|Any CPU.Build.0 = Debug|Any CPU
		{32AB0742-B782-41F2-8B4E-35A024451331}.Release|Any CPU.ActiveCfg = Release|Any CPU
		{32AB0742-B782-41F2-8B4E-35A024451331}.Release|Any CPU.Build.0 = Release|Any CPU
	EndGlobalSection
	GlobalSection(SolutionProperties) = preSolution
		HideSolutionNode = FALSE
	EndGlobalSection
	GlobalSection(ExtensibilityGlobals) = postSolution
		SolutionGuid = {AC048684-C97C-4831-9096-16F8060F03DF}
	EndGlobalSection
EndGlobal
