
Microsoft Visual Studio Solution File, Format Version 12.00
# Visual Studio Version 16
VisualStudioVersion = 16.0.29613.14
MinimumVisualStudioVersion = 10.0.40219.1
Project("{FAE04EC0-301F-11D3-BF4B-00C04F79EFBC}") = "Cap4_ex06_c", "Cap4_ex06_c\Cap4_ex06_c.csproj", "{D8FCC110-EBB6-40F4-B35E-7DCF3EAB2FCA}"
EndProject
Global
	GlobalSection(SolutionConfigurationPlatforms) = preSolution
		Debug|Any CPU = Debug|Any CPU
		Release|Any CPU = Release|Any CPU
	EndGlobalSection
	GlobalSection(ProjectConfigurationPlatforms) = postSolution
		{D8FCC110-EBB6-40F4-B35E-7DCF3EAB2FCA}.Debug|Any CPU.ActiveCfg = Debug|Any CPU
		{D8FCC110-EBB6-40F4-B35E-7DCF3EAB2FCA}.Debug|Any CPU.Build.0 = Debug|Any CPU
		{D8FCC110-EBB6-40F4-B35E-7DCF3EAB2FCA}.Release|Any CPU.ActiveCfg = Release|Any CPU
		{D8FCC110-EBB6-40F4-B35E-7DCF3EAB2FCA}.Release|Any CPU.Build.0 = Release|Any CPU
	EndGlobalSection
	GlobalSection(SolutionProperties) = preSolution
		HideSolutionNode = FALSE
	EndGlobalSection
	GlobalSection(ExtensibilityGlobals) = postSolution
		SolutionGuid = {8B0C785E-7ABE-46AD-8BB6-80A8A64C7222}
	EndGlobalSection
EndGlobal
