
Microsoft Visual Studio Solution File, Format Version 12.00
# Visual Studio Version 16
VisualStudioVersion = 16.0.29613.14
MinimumVisualStudioVersion = 10.0.40219.1
Project("{FAE04EC0-301F-11D3-BF4B-00C04F79EFBC}") = "Cap4_ex07", "Cap4_ex07\Cap4_ex07.csproj", "{F1E466F9-500F-4AC5-BED7-01C46429AF89}"
EndProject
Global
	GlobalSection(SolutionConfigurationPlatforms) = preSolution
		Debug|Any CPU = Debug|Any CPU
		Release|Any CPU = Release|Any CPU
	EndGlobalSection
	GlobalSection(ProjectConfigurationPlatforms) = postSolution
		{F1E466F9-500F-4AC5-BED7-01C46429AF89}.Debug|Any CPU.ActiveCfg = Debug|Any CPU
		{F1E466F9-500F-4AC5-BED7-01C46429AF89}.Debug|Any CPU.Build.0 = Debug|Any CPU
		{F1E466F9-500F-4AC5-BED7-01C46429AF89}.Release|Any CPU.ActiveCfg = Release|Any CPU
		{F1E466F9-500F-4AC5-BED7-01C46429AF89}.Release|Any CPU.Build.0 = Release|Any CPU
	EndGlobalSection
	GlobalSection(SolutionProperties) = preSolution
		HideSolutionNode = FALSE
	EndGlobalSection
	GlobalSection(ExtensibilityGlobals) = postSolution
		SolutionGuid = {A68A7864-56B4-4799-91E9-27212BCA99B0}
	EndGlobalSection
EndGlobal
