
Microsoft Visual Studio Solution File, Format Version 12.00
# Visual Studio Version 16
VisualStudioVersion = 16.0.29613.14
MinimumVisualStudioVersion = 10.0.40219.1
Project("{FAE04EC0-301F-11D3-BF4B-00C04F79EFBC}") = "Cap5_ex05_Encapsulamento", "Cap5_ex05_Encapsulamento\Cap5_ex05_Encapsulamento.csproj", "{E5C771D8-BB16-4786-8630-C5803CBE556B}"
EndProject
Global
	GlobalSection(SolutionConfigurationPlatforms) = preSolution
		Debug|Any CPU = Debug|Any CPU
		Release|Any CPU = Release|Any CPU
	EndGlobalSection
	GlobalSection(ProjectConfigurationPlatforms) = postSolution
		{E5C771D8-BB16-4786-8630-C5803CBE556B}.Debug|Any CPU.ActiveCfg = Debug|Any CPU
		{E5C771D8-BB16-4786-8630-C5803CBE556B}.Debug|Any CPU.Build.0 = Debug|Any CPU
		{E5C771D8-BB16-4786-8630-C5803CBE556B}.Release|Any CPU.ActiveCfg = Release|Any CPU
		{E5C771D8-BB16-4786-8630-C5803CBE556B}.Release|Any CPU.Build.0 = Release|Any CPU
	EndGlobalSection
	GlobalSection(SolutionProperties) = preSolution
		HideSolutionNode = FALSE
	EndGlobalSection
	GlobalSection(ExtensibilityGlobals) = postSolution
		SolutionGuid = {D0F5A63E-3E64-470B-B206-75ACC37D2E0A}
	EndGlobalSection
EndGlobal
