
Microsoft Visual Studio Solution File, Format Version 12.00
# Visual Studio Version 16
VisualStudioVersion = 16.0.29613.14
MinimumVisualStudioVersion = 10.0.40219.1
Project("{FAE04EC0-301F-11D3-BF4B-00C04F79EFBC}") = "Cap5_ex01_Construtores", "Cap5_ex01_Construtores\Cap5_ex01_Construtores.csproj", "{7A77E2E0-DE7B-4B23-9BB8-376D9CE0F333}"
EndProject
Global
	GlobalSection(SolutionConfigurationPlatforms) = preSolution
		Debug|Any CPU = Debug|Any CPU
		Release|Any CPU = Release|Any CPU
	EndGlobalSection
	GlobalSection(ProjectConfigurationPlatforms) = postSolution
		{7A77E2E0-DE7B-4B23-9BB8-376D9CE0F333}.Debug|Any CPU.ActiveCfg = Debug|Any CPU
		{7A77E2E0-DE7B-4B23-9BB8-376D9CE0F333}.Debug|Any CPU.Build.0 = Debug|Any CPU
		{7A77E2E0-DE7B-4B23-9BB8-376D9CE0F333}.Release|Any CPU.ActiveCfg = Release|Any CPU
		{7A77E2E0-DE7B-4B23-9BB8-376D9CE0F333}.Release|Any CPU.Build.0 = Release|Any CPU
	EndGlobalSection
	GlobalSection(SolutionProperties) = preSolution
		HideSolutionNode = FALSE
	EndGlobalSection
	GlobalSection(ExtensibilityGlobals) = postSolution
		SolutionGuid = {BC5090B1-7CF3-42AF-A7E5-18159006FE1A}
	EndGlobalSection
EndGlobal
