
Microsoft Visual Studio Solution File, Format Version 12.00
# Visual Studio Version 16
VisualStudioVersion = 16.0.29613.14
MinimumVisualStudioVersion = 10.0.40219.1
Project("{FAE04EC0-301F-11D3-BF4B-00C04F79EFBC}") = "Cap5_ex04_Aplicacao_This_Construtores", "Cap5_ex04_Aplicacao_This_Construtores\Cap5_ex04_Aplicacao_This_Construtores.csproj", "{ADD1ACEF-F50A-49F3-AA96-554E01C6DD58}"
EndProject
Global
	GlobalSection(SolutionConfigurationPlatforms) = preSolution
		Debug|Any CPU = Debug|Any CPU
		Release|Any CPU = Release|Any CPU
	EndGlobalSection
	GlobalSection(ProjectConfigurationPlatforms) = postSolution
		{ADD1ACEF-F50A-49F3-AA96-554E01C6DD58}.Debug|Any CPU.ActiveCfg = Debug|Any CPU
		{ADD1ACEF-F50A-49F3-AA96-554E01C6DD58}.Debug|Any CPU.Build.0 = Debug|Any CPU
		{ADD1ACEF-F50A-49F3-AA96-554E01C6DD58}.Release|Any CPU.ActiveCfg = Release|Any CPU
		{ADD1ACEF-F50A-49F3-AA96-554E01C6DD58}.Release|Any CPU.Build.0 = Release|Any CPU
	EndGlobalSection
	GlobalSection(SolutionProperties) = preSolution
		HideSolutionNode = FALSE
	EndGlobalSection
	GlobalSection(ExtensibilityGlobals) = postSolution
		SolutionGuid = {9AA85866-1B8C-4FDE-BD13-D8AA1D8BF0E0}
	EndGlobalSection
EndGlobal
