
Microsoft Visual Studio Solution File, Format Version 12.00
# Visual Studio Version 16
VisualStudioVersion = 16.0.29613.14
MinimumVisualStudioVersion = 10.0.40219.1
Project("{9A19103F-16F7-4668-BE54-9A1E7A4F7556}") = "Cap5_ex06_Properties", "Cap5_ex05_Properties\Cap5_ex06_Properties.csproj", "{D11F09BB-F921-4803-9DFF-F3A2CA0DF89D}"
EndProject
Global
	GlobalSection(SolutionConfigurationPlatforms) = preSolution
		Debug|Any CPU = Debug|Any CPU
		Release|Any CPU = Release|Any CPU
	EndGlobalSection
	GlobalSection(ProjectConfigurationPlatforms) = postSolution
		{D11F09BB-F921-4803-9DFF-F3A2CA0DF89D}.Debug|Any CPU.ActiveCfg = Debug|Any CPU
		{D11F09BB-F921-4803-9DFF-F3A2CA0DF89D}.Debug|Any CPU.Build.0 = Debug|Any CPU
		{D11F09BB-F921-4803-9DFF-F3A2CA0DF89D}.Release|Any CPU.ActiveCfg = Release|Any CPU
		{D11F09BB-F921-4803-9DFF-F3A2CA0DF89D}.Release|Any CPU.Build.0 = Release|Any CPU
	EndGlobalSection
	GlobalSection(SolutionProperties) = preSolution
		HideSolutionNode = FALSE
	EndGlobalSection
	GlobalSection(ExtensibilityGlobals) = postSolution
		SolutionGuid = {A059CDEA-A6F4-49B6-A029-FFF013979A40}
	EndGlobalSection
EndGlobal
