
Microsoft Visual Studio Solution File, Format Version 12.00
# Visual Studio Version 16
VisualStudioVersion = 16.0.29613.14
MinimumVisualStudioVersion = 10.0.40219.1
Project("{FAE04EC0-301F-11D3-BF4B-00C04F79EFBC}") = "Cap5_ex07_AutoProperties", "Cap5_ex07_AutoProperties\Cap5_ex07_AutoProperties.csproj", "{89A48246-8324-4864-B480-BB93D988F837}"
EndProject
Global
	GlobalSection(SolutionConfigurationPlatforms) = preSolution
		Debug|Any CPU = Debug|Any CPU
		Release|Any CPU = Release|Any CPU
	EndGlobalSection
	GlobalSection(ProjectConfigurationPlatforms) = postSolution
		{89A48246-8324-4864-B480-BB93D988F837}.Debug|Any CPU.ActiveCfg = Debug|Any CPU
		{89A48246-8324-4864-B480-BB93D988F837}.Debug|Any CPU.Build.0 = Debug|Any CPU
		{89A48246-8324-4864-B480-BB93D988F837}.Release|Any CPU.ActiveCfg = Release|Any CPU
		{89A48246-8324-4864-B480-BB93D988F837}.Release|Any CPU.Build.0 = Release|Any CPU
	EndGlobalSection
	GlobalSection(SolutionProperties) = preSolution
		HideSolutionNode = FALSE
	EndGlobalSection
	GlobalSection(ExtensibilityGlobals) = postSolution
		SolutionGuid = {5655D158-2020-4A77-B63B-9B84AAD4A7B1}
	EndGlobalSection
EndGlobal
