
Microsoft Visual Studio Solution File, Format Version 12.00
# Visual Studio Version 17
VisualStudioVersion = 17.0.31903.59
MinimumVisualStudioVersion = 10.0.40219.1
Project("{2150E333-8FDC-42A3-9474-1A3956D46DE8}") = "Faces", "Faces", "{A18ACBAE-E329-4BED-9E8E-4BA7989FA71D}"
EndProject
Project("{9A19103F-16F7-4668-BE54-9A1E7A4F7556}") = "FacesApi", "FacesApi\FacesApi.csproj", "{52D02772-2EDD-4E27-BE71-32A0F811474A}"
EndProject
Project("{FAE04EC0-301F-11D3-BF4B-00C04F79EFBC}") = "FaceApiTest", "FaceApiTest\FaceApiTest.csproj", "{41A9B9E4-919A-43AD-BC00-42E6BEDE6C37}"
EndProject
Global
	GlobalSection(SolutionConfigurationPlatforms) = preSolution
		Debug|Any CPU = Debug|Any CPU
		Release|Any CPU = Release|Any CPU
	EndGlobalSection
	GlobalSection(ProjectConfigurationPlatforms) = postSolution
		{52D02772-2EDD-4E27-BE71-32A0F811474A}.Debug|Any CPU.ActiveCfg = Debug|Any CPU
		{52D02772-2EDD-4E27-BE71-32A0F811474A}.Debug|Any CPU.Build.0 = Debug|Any CPU
		{52D02772-2EDD-4E27-BE71-32A0F811474A}.Release|Any CPU.ActiveCfg = Release|Any CPU
		{52D02772-2EDD-4E27-BE71-32A0F811474A}.Release|Any CPU.Build.0 = Release|Any CPU
		{41A9B9E4-919A-43AD-BC00-42E6BEDE6C37}.Debug|Any CPU.ActiveCfg = Debug|Any CPU
		{41A9B9E4-919A-43AD-BC00-42E6BEDE6C37}.Debug|Any CPU.Build.0 = Debug|Any CPU
		{41A9B9E4-919A-43AD-BC00-42E6BEDE6C37}.Release|Any CPU.ActiveCfg = Release|Any CPU
		{41A9B9E4-919A-43AD-BC00-42E6BEDE6C37}.Release|Any CPU.Build.0 = Release|Any CPU
	EndGlobalSection
	GlobalSection(SolutionProperties) = preSolution
		HideSolutionNode = FALSE
	EndGlobalSection
	GlobalSection(NestedProjects) = preSolution
		{52D02772-2EDD-4E27-BE71-32A0F811474A} = {A18ACBAE-E329-4BED-9E8E-4BA7989FA71D}
	EndGlobalSection
	GlobalSection(ExtensibilityGlobals) = postSolution
		SolutionGuid = {0C7BEC37-36CF-40D7-B4DB-49ECA6B866D7}
	EndGlobalSection
EndGlobal
